
Microsoft Visual Studio Solution File, Format Version 12.00
# Visual Studio 15
Project("{FAE04EC0-301F-11D3-BF4B-00C04F79EFBC}") = "LeTai.TrueShadow", "LeTai.TrueShadow.csproj", "{2BB8F816-2E85-9E5F-A1A8-2DA7F03A2B50}"
EndProject
Project("{FAE04EC0-301F-11D3-BF4B-00C04F79EFBC}") = "LeTai.TrueShadow.Demo", "LeTai.TrueShadow.Demo.csproj", "{883F04C4-483E-115A-E1A7-105FC2C92CD5}"
EndProject
Project("{FAE04EC0-301F-11D3-BF4B-00C04F79EFBC}") = "Assembly-CSharp", "Assembly-CSharp.csproj", "{978D1277-0C75-95F7-A58A-1B0446403D0A}"
EndProject
Project("{FAE04EC0-301F-11D3-BF4B-00C04F79EFBC}") = "LeTai.TrueShadow.Editor", "LeTai.TrueShadow.Editor.csproj", "{45315D44-970C-9EEA-C022-19108427E308}"
EndProject
Global
	GlobalSection(SolutionConfigurationPlatforms) = preSolution
		Debug|Any CPU = Debug|Any CPU
		Release|Any CPU = Release|Any CPU
	EndGlobalSection
	GlobalSection(ProjectConfigurationPlatforms) = postSolution
		{2BB8F816-2E85-9E5F-A1A8-2DA7F03A2B50}.Debug|Any CPU.ActiveCfg = Debug|Any CPU
		{2BB8F816-2E85-9E5F-A1A8-2DA7F03A2B50}.Debug|Any CPU.Build.0 = Debug|Any CPU
		{2BB8F816-2E85-9E5F-A1A8-2DA7F03A2B50}.Release|Any CPU.ActiveCfg = Release|Any CPU
		{2BB8F816-2E85-9E5F-A1A8-2DA7F03A2B50}.Release|Any CPU.Build.0 = Release|Any CPU
		{883F04C4-483E-115A-E1A7-105FC2C92CD5}.Debug|Any CPU.ActiveCfg = Debug|Any CPU
		{883F04C4-483E-115A-E1A7-105FC2C92CD5}.Debug|Any CPU.Build.0 = Debug|Any CPU
		{883F04C4-483E-115A-E1A7-105FC2C92CD5}.Release|Any CPU.ActiveCfg = Release|Any CPU
		{883F04C4-483E-115A-E1A7-105FC2C92CD5}.Release|Any CPU.Build.0 = Release|Any CPU
		{978D1277-0C75-95F7-A58A-1B0446403D0A}.Debug|Any CPU.ActiveCfg = Debug|Any CPU
		{978D1277-0C75-95F7-A58A-1B0446403D0A}.Debug|Any CPU.Build.0 = Debug|Any CPU
		{978D1277-0C75-95F7-A58A-1B0446403D0A}.Release|Any CPU.ActiveCfg = Release|Any CPU
		{978D1277-0C75-95F7-A58A-1B0446403D0A}.Release|Any CPU.Build.0 = Release|Any CPU
		{45315D44-970C-9EEA-C022-19108427E308}.Debug|Any CPU.ActiveCfg = Debug|Any CPU
		{45315D44-970C-9EEA-C022-19108427E308}.Debug|Any CPU.Build.0 = Debug|Any CPU
		{45315D44-970C-9EEA-C022-19108427E308}.Release|Any CPU.ActiveCfg = Release|Any CPU
		{45315D44-970C-9EEA-C022-19108427E308}.Release|Any CPU.Build.0 = Release|Any CPU
	EndGlobalSection
	GlobalSection(SolutionProperties) = preSolution
		HideSolutionNode = FALSE
	EndGlobalSection
EndGlobal
